
Microsoft Visual Studio Solution File, Format Version 12.00
# Visual Studio Version 16
VisualStudioVersion = 16.0.30330.147
MinimumVisualStudioVersion = 10.0.40219.1
Project("{FAE04EC0-301F-11D3-BF4B-00C04F79EFBC}") = "Potencije 2", "Potencije 2\Potencije 2.csproj", "{50FB7817-01FC-43D5-95C3-408CBED29FE0}"
EndProject
Global
	GlobalSection(SolutionConfigurationPlatforms) = preSolution
		Debug|Any CPU = Debug|Any CPU
		Release|Any CPU = Release|Any CPU
	EndGlobalSection
	GlobalSection(ProjectConfigurationPlatforms) = postSolution
		{50FB7817-01FC-43D5-95C3-408CBED29FE0}.Debug|Any CPU.ActiveCfg = Debug|Any CPU
		{50FB7817-01FC-43D5-95C3-408CBED29FE0}.Debug|Any CPU.Build.0 = Debug|Any CPU
		{50FB7817-01FC-43D5-95C3-408CBED29FE0}.Release|Any CPU.ActiveCfg = Release|Any CPU
		{50FB7817-01FC-43D5-95C3-408CBED29FE0}.Release|Any CPU.Build.0 = Release|Any CPU
	EndGlobalSection
	GlobalSection(SolutionProperties) = preSolution
		HideSolutionNode = FALSE
	EndGlobalSection
	GlobalSection(ExtensibilityGlobals) = postSolution
		SolutionGuid = {8F2AE5F3-55A6-4386-8AF1-00EF2BAF04E9}
	EndGlobalSection
EndGlobal
