
Microsoft Visual Studio Solution File, Format Version 12.00
# Visual Studio Version 16
VisualStudioVersion = 16.0.30330.147
MinimumVisualStudioVersion = 10.0.40219.1
Project("{FAE04EC0-301F-11D3-BF4B-00C04F79EFBC}") = "Završni uspjeh", "Završni uspjeh\Završni uspjeh.csproj", "{807BA531-45AA-4601-AC09-007C5B2417DB}"
EndProject
Global
	GlobalSection(SolutionConfigurationPlatforms) = preSolution
		Debug|Any CPU = Debug|Any CPU
		Release|Any CPU = Release|Any CPU
	EndGlobalSection
	GlobalSection(ProjectConfigurationPlatforms) = postSolution
		{807BA531-45AA-4601-AC09-007C5B2417DB}.Debug|Any CPU.ActiveCfg = Debug|Any CPU
		{807BA531-45AA-4601-AC09-007C5B2417DB}.Debug|Any CPU.Build.0 = Debug|Any CPU
		{807BA531-45AA-4601-AC09-007C5B2417DB}.Release|Any CPU.ActiveCfg = Release|Any CPU
		{807BA531-45AA-4601-AC09-007C5B2417DB}.Release|Any CPU.Build.0 = Release|Any CPU
	EndGlobalSection
	GlobalSection(SolutionProperties) = preSolution
		HideSolutionNode = FALSE
	EndGlobalSection
	GlobalSection(ExtensibilityGlobals) = postSolution
		SolutionGuid = {E55A3793-C426-4562-B8AD-B3D92D164C5C}
	EndGlobalSection
EndGlobal
