
Microsoft Visual Studio Solution File, Format Version 12.00
# Visual Studio Version 16
VisualStudioVersion = 16.0.30330.147
MinimumVisualStudioVersion = 10.0.40219.1
Project("{FAE04EC0-301F-11D3-BF4B-00C04F79EFBC}") = "Faktorijel", "Faktorijel\Faktorijel.csproj", "{AA7964DA-9308-4B40-8F1A-77DFDFC58BE8}"
EndProject
Global
	GlobalSection(SolutionConfigurationPlatforms) = preSolution
		Debug|Any CPU = Debug|Any CPU
		Release|Any CPU = Release|Any CPU
	EndGlobalSection
	GlobalSection(ProjectConfigurationPlatforms) = postSolution
		{AA7964DA-9308-4B40-8F1A-77DFDFC58BE8}.Debug|Any CPU.ActiveCfg = Debug|Any CPU
		{AA7964DA-9308-4B40-8F1A-77DFDFC58BE8}.Debug|Any CPU.Build.0 = Debug|Any CPU
		{AA7964DA-9308-4B40-8F1A-77DFDFC58BE8}.Release|Any CPU.ActiveCfg = Release|Any CPU
		{AA7964DA-9308-4B40-8F1A-77DFDFC58BE8}.Release|Any CPU.Build.0 = Release|Any CPU
	EndGlobalSection
	GlobalSection(SolutionProperties) = preSolution
		HideSolutionNode = FALSE
	EndGlobalSection
	GlobalSection(ExtensibilityGlobals) = postSolution
		SolutionGuid = {03F84E27-19B1-41A9-B61B-9683D6604686}
	EndGlobalSection
EndGlobal
