
Microsoft Visual Studio Solution File, Format Version 12.00
# Visual Studio Version 16
VisualStudioVersion = 16.0.30330.147
MinimumVisualStudioVersion = 10.0.40219.1
Project("{FAE04EC0-301F-11D3-BF4B-00C04F79EFBC}") = "Naopako", "Naopako\Naopako.csproj", "{F31E220E-4FBB-4B17-8341-91C7CE14F21A}"
EndProject
Global
	GlobalSection(SolutionConfigurationPlatforms) = preSolution
		Debug|Any CPU = Debug|Any CPU
		Release|Any CPU = Release|Any CPU
	EndGlobalSection
	GlobalSection(ProjectConfigurationPlatforms) = postSolution
		{F31E220E-4FBB-4B17-8341-91C7CE14F21A}.Debug|Any CPU.ActiveCfg = Debug|Any CPU
		{F31E220E-4FBB-4B17-8341-91C7CE14F21A}.Debug|Any CPU.Build.0 = Debug|Any CPU
		{F31E220E-4FBB-4B17-8341-91C7CE14F21A}.Release|Any CPU.ActiveCfg = Release|Any CPU
		{F31E220E-4FBB-4B17-8341-91C7CE14F21A}.Release|Any CPU.Build.0 = Release|Any CPU
	EndGlobalSection
	GlobalSection(SolutionProperties) = preSolution
		HideSolutionNode = FALSE
	EndGlobalSection
	GlobalSection(ExtensibilityGlobals) = postSolution
		SolutionGuid = {FC3370FF-AB3E-48DB-B0FA-BA13C561FA8A}
	EndGlobalSection
EndGlobal
