
Microsoft Visual Studio Solution File, Format Version 12.00
# Visual Studio Version 16
VisualStudioVersion = 16.0.30330.147
MinimumVisualStudioVersion = 10.0.40219.1
Project("{FAE04EC0-301F-11D3-BF4B-00C04F79EFBC}") = "Parni i neparni", "Parni i neparni\Parni i neparni.csproj", "{0A905AB4-AEDC-4216-BE4D-8765D1883F45}"
EndProject
Global
	GlobalSection(SolutionConfigurationPlatforms) = preSolution
		Debug|Any CPU = Debug|Any CPU
		Release|Any CPU = Release|Any CPU
	EndGlobalSection
	GlobalSection(ProjectConfigurationPlatforms) = postSolution
		{0A905AB4-AEDC-4216-BE4D-8765D1883F45}.Debug|Any CPU.ActiveCfg = Debug|Any CPU
		{0A905AB4-AEDC-4216-BE4D-8765D1883F45}.Debug|Any CPU.Build.0 = Debug|Any CPU
		{0A905AB4-AEDC-4216-BE4D-8765D1883F45}.Release|Any CPU.ActiveCfg = Release|Any CPU
		{0A905AB4-AEDC-4216-BE4D-8765D1883F45}.Release|Any CPU.Build.0 = Release|Any CPU
	EndGlobalSection
	GlobalSection(SolutionProperties) = preSolution
		HideSolutionNode = FALSE
	EndGlobalSection
	GlobalSection(ExtensibilityGlobals) = postSolution
		SolutionGuid = {AF0C9EBE-F28F-40DF-B4E8-E9B5033F7052}
	EndGlobalSection
EndGlobal
