
Microsoft Visual Studio Solution File, Format Version 12.00
# Visual Studio Version 16
VisualStudioVersion = 16.0.30330.147
MinimumVisualStudioVersion = 10.0.40219.1
Project("{FAE04EC0-301F-11D3-BF4B-00C04F79EFBC}") = "Unos ispis", "Unos ispis\Unos ispis.csproj", "{B8F4CE55-FF08-4B77-9482-FC82F6EE893F}"
EndProject
Global
	GlobalSection(SolutionConfigurationPlatforms) = preSolution
		Debug|Any CPU = Debug|Any CPU
		Release|Any CPU = Release|Any CPU
	EndGlobalSection
	GlobalSection(ProjectConfigurationPlatforms) = postSolution
		{B8F4CE55-FF08-4B77-9482-FC82F6EE893F}.Debug|Any CPU.ActiveCfg = Debug|Any CPU
		{B8F4CE55-FF08-4B77-9482-FC82F6EE893F}.Debug|Any CPU.Build.0 = Debug|Any CPU
		{B8F4CE55-FF08-4B77-9482-FC82F6EE893F}.Release|Any CPU.ActiveCfg = Release|Any CPU
		{B8F4CE55-FF08-4B77-9482-FC82F6EE893F}.Release|Any CPU.Build.0 = Release|Any CPU
	EndGlobalSection
	GlobalSection(SolutionProperties) = preSolution
		HideSolutionNode = FALSE
	EndGlobalSection
	GlobalSection(ExtensibilityGlobals) = postSolution
		SolutionGuid = {517CEF4C-489F-4432-8E78-5FE8AA7243AA}
	EndGlobalSection
EndGlobal
