
Microsoft Visual Studio Solution File, Format Version 12.00
# Visual Studio Version 16
VisualStudioVersion = 16.0.30330.147
MinimumVisualStudioVersion = 10.0.40219.1
Project("{FAE04EC0-301F-11D3-BF4B-00C04F79EFBC}") = "Path File Directory", "Path File Directory\Path File Directory.csproj", "{A9FE0902-3220-4C0E-A4C8-54B7EA5F0913}"
EndProject
Global
	GlobalSection(SolutionConfigurationPlatforms) = preSolution
		Debug|Any CPU = Debug|Any CPU
		Release|Any CPU = Release|Any CPU
	EndGlobalSection
	GlobalSection(ProjectConfigurationPlatforms) = postSolution
		{A9FE0902-3220-4C0E-A4C8-54B7EA5F0913}.Debug|Any CPU.ActiveCfg = Debug|Any CPU
		{A9FE0902-3220-4C0E-A4C8-54B7EA5F0913}.Debug|Any CPU.Build.0 = Debug|Any CPU
		{A9FE0902-3220-4C0E-A4C8-54B7EA5F0913}.Release|Any CPU.ActiveCfg = Release|Any CPU
		{A9FE0902-3220-4C0E-A4C8-54B7EA5F0913}.Release|Any CPU.Build.0 = Release|Any CPU
	EndGlobalSection
	GlobalSection(SolutionProperties) = preSolution
		HideSolutionNode = FALSE
	EndGlobalSection
	GlobalSection(ExtensibilityGlobals) = postSolution
		SolutionGuid = {8D83FDA8-421D-4782-BBC9-5090B9F357C1}
	EndGlobalSection
EndGlobal
