
Microsoft Visual Studio Solution File, Format Version 12.00
# Visual Studio Version 16
VisualStudioVersion = 16.0.30330.147
MinimumVisualStudioVersion = 10.0.40219.1
Project("{FAE04EC0-301F-11D3-BF4B-00C04F79EFBC}") = "Directory Info", "Directory Info\Directory Info.csproj", "{91613058-63D6-4E5A-A323-77AB8BC65AE3}"
EndProject
Global
	GlobalSection(SolutionConfigurationPlatforms) = preSolution
		Debug|Any CPU = Debug|Any CPU
		Release|Any CPU = Release|Any CPU
	EndGlobalSection
	GlobalSection(ProjectConfigurationPlatforms) = postSolution
		{91613058-63D6-4E5A-A323-77AB8BC65AE3}.Debug|Any CPU.ActiveCfg = Debug|Any CPU
		{91613058-63D6-4E5A-A323-77AB8BC65AE3}.Debug|Any CPU.Build.0 = Debug|Any CPU
		{91613058-63D6-4E5A-A323-77AB8BC65AE3}.Release|Any CPU.ActiveCfg = Release|Any CPU
		{91613058-63D6-4E5A-A323-77AB8BC65AE3}.Release|Any CPU.Build.0 = Release|Any CPU
	EndGlobalSection
	GlobalSection(SolutionProperties) = preSolution
		HideSolutionNode = FALSE
	EndGlobalSection
	GlobalSection(ExtensibilityGlobals) = postSolution
		SolutionGuid = {A8172D43-56EE-454E-8943-F0AAC882E8C7}
	EndGlobalSection
EndGlobal
