
Microsoft Visual Studio Solution File, Format Version 12.00
# Visual Studio Version 16
VisualStudioVersion = 16.0.30330.147
MinimumVisualStudioVersion = 10.0.40219.1
Project("{FAE04EC0-301F-11D3-BF4B-00C04F79EFBC}") = "Prijestupne godine", "Prijestupne godine\Prijestupne godine.csproj", "{20B5563A-CFCE-4C90-AC4C-90F80525D547}"
EndProject
Global
	GlobalSection(SolutionConfigurationPlatforms) = preSolution
		Debug|Any CPU = Debug|Any CPU
		Release|Any CPU = Release|Any CPU
	EndGlobalSection
	GlobalSection(ProjectConfigurationPlatforms) = postSolution
		{20B5563A-CFCE-4C90-AC4C-90F80525D547}.Debug|Any CPU.ActiveCfg = Debug|Any CPU
		{20B5563A-CFCE-4C90-AC4C-90F80525D547}.Debug|Any CPU.Build.0 = Debug|Any CPU
		{20B5563A-CFCE-4C90-AC4C-90F80525D547}.Release|Any CPU.ActiveCfg = Release|Any CPU
		{20B5563A-CFCE-4C90-AC4C-90F80525D547}.Release|Any CPU.Build.0 = Release|Any CPU
	EndGlobalSection
	GlobalSection(SolutionProperties) = preSolution
		HideSolutionNode = FALSE
	EndGlobalSection
	GlobalSection(ExtensibilityGlobals) = postSolution
		SolutionGuid = {36434856-9448-4919-B1B2-7217D0991B1A}
	EndGlobalSection
EndGlobal
