
Microsoft Visual Studio Solution File, Format Version 12.00
# Visual Studio Version 16
VisualStudioVersion = 16.0.30330.147
MinimumVisualStudioVersion = 10.0.40219.1
Project("{FAE04EC0-301F-11D3-BF4B-00C04F79EFBC}") = "Brojevi LINQ", "Brojevi LINQ\Brojevi LINQ.csproj", "{C794AE51-0EAB-4928-A651-886BB27367B4}"
EndProject
Global
	GlobalSection(SolutionConfigurationPlatforms) = preSolution
		Debug|Any CPU = Debug|Any CPU
		Release|Any CPU = Release|Any CPU
	EndGlobalSection
	GlobalSection(ProjectConfigurationPlatforms) = postSolution
		{C794AE51-0EAB-4928-A651-886BB27367B4}.Debug|Any CPU.ActiveCfg = Debug|Any CPU
		{C794AE51-0EAB-4928-A651-886BB27367B4}.Debug|Any CPU.Build.0 = Debug|Any CPU
		{C794AE51-0EAB-4928-A651-886BB27367B4}.Release|Any CPU.ActiveCfg = Release|Any CPU
		{C794AE51-0EAB-4928-A651-886BB27367B4}.Release|Any CPU.Build.0 = Release|Any CPU
	EndGlobalSection
	GlobalSection(SolutionProperties) = preSolution
		HideSolutionNode = FALSE
	EndGlobalSection
	GlobalSection(ExtensibilityGlobals) = postSolution
		SolutionGuid = {73838DAF-7079-4373-A1AE-C2AA99E7FE34}
	EndGlobalSection
EndGlobal
