
Microsoft Visual Studio Solution File, Format Version 12.00
# Visual Studio Version 16
VisualStudioVersion = 16.0.30330.147
MinimumVisualStudioVersion = 10.0.40219.1
Project("{FAE04EC0-301F-11D3-BF4B-00C04F79EFBC}") = "WebFormsPrimjer", "WebFormsPrimjer\WebFormsPrimjer.csproj", "{65E1543E-80A6-44EE-A534-872BF433188F}"
EndProject
Global
	GlobalSection(SolutionConfigurationPlatforms) = preSolution
		Debug|Any CPU = Debug|Any CPU
		Release|Any CPU = Release|Any CPU
	EndGlobalSection
	GlobalSection(ProjectConfigurationPlatforms) = postSolution
		{65E1543E-80A6-44EE-A534-872BF433188F}.Debug|Any CPU.ActiveCfg = Debug|Any CPU
		{65E1543E-80A6-44EE-A534-872BF433188F}.Debug|Any CPU.Build.0 = Debug|Any CPU
		{65E1543E-80A6-44EE-A534-872BF433188F}.Release|Any CPU.ActiveCfg = Release|Any CPU
		{65E1543E-80A6-44EE-A534-872BF433188F}.Release|Any CPU.Build.0 = Release|Any CPU
	EndGlobalSection
	GlobalSection(SolutionProperties) = preSolution
		HideSolutionNode = FALSE
	EndGlobalSection
	GlobalSection(ExtensibilityGlobals) = postSolution
		SolutionGuid = {5CC148C1-5415-4B02-8324-917B8898F718}
	EndGlobalSection
EndGlobal
