
Microsoft Visual Studio Solution File, Format Version 12.00
# Visual Studio Version 16
VisualStudioVersion = 16.0.30330.147
MinimumVisualStudioVersion = 10.0.40219.1
Project("{FAE04EC0-301F-11D3-BF4B-00C04F79EFBC}") = "Koliko puta se pojavljuje riječ", "Koliko puta se pojavljuje riječ\Koliko puta se pojavljuje riječ.csproj", "{CA3E52E0-FFF8-48A1-9ADD-3FF6AFC7033A}"
EndProject
Global
	GlobalSection(SolutionConfigurationPlatforms) = preSolution
		Debug|Any CPU = Debug|Any CPU
		Release|Any CPU = Release|Any CPU
	EndGlobalSection
	GlobalSection(ProjectConfigurationPlatforms) = postSolution
		{CA3E52E0-FFF8-48A1-9ADD-3FF6AFC7033A}.Debug|Any CPU.ActiveCfg = Debug|Any CPU
		{CA3E52E0-FFF8-48A1-9ADD-3FF6AFC7033A}.Debug|Any CPU.Build.0 = Debug|Any CPU
		{CA3E52E0-FFF8-48A1-9ADD-3FF6AFC7033A}.Release|Any CPU.ActiveCfg = Release|Any CPU
		{CA3E52E0-FFF8-48A1-9ADD-3FF6AFC7033A}.Release|Any CPU.Build.0 = Release|Any CPU
	EndGlobalSection
	GlobalSection(SolutionProperties) = preSolution
		HideSolutionNode = FALSE
	EndGlobalSection
	GlobalSection(ExtensibilityGlobals) = postSolution
		SolutionGuid = {DFA44CF8-156D-4913-A43D-E21163D1E50C}
	EndGlobalSection
EndGlobal
