
Microsoft Visual Studio Solution File, Format Version 12.00
# Visual Studio Version 16
VisualStudioVersion = 16.0.30330.147
MinimumVisualStudioVersion = 10.0.40219.1
Project("{FAE04EC0-301F-11D3-BF4B-00C04F79EFBC}") = "Xznamenkasti broj", "Xznamenkasti broj\Xznamenkasti broj.csproj", "{883E4BF9-7FD8-4FA9-BE6B-268CDCFE10CF}"
EndProject
Global
	GlobalSection(SolutionConfigurationPlatforms) = preSolution
		Debug|Any CPU = Debug|Any CPU
		Release|Any CPU = Release|Any CPU
	EndGlobalSection
	GlobalSection(ProjectConfigurationPlatforms) = postSolution
		{883E4BF9-7FD8-4FA9-BE6B-268CDCFE10CF}.Debug|Any CPU.ActiveCfg = Debug|Any CPU
		{883E4BF9-7FD8-4FA9-BE6B-268CDCFE10CF}.Debug|Any CPU.Build.0 = Debug|Any CPU
		{883E4BF9-7FD8-4FA9-BE6B-268CDCFE10CF}.Release|Any CPU.ActiveCfg = Release|Any CPU
		{883E4BF9-7FD8-4FA9-BE6B-268CDCFE10CF}.Release|Any CPU.Build.0 = Release|Any CPU
	EndGlobalSection
	GlobalSection(SolutionProperties) = preSolution
		HideSolutionNode = FALSE
	EndGlobalSection
	GlobalSection(ExtensibilityGlobals) = postSolution
		SolutionGuid = {15896944-D0C8-4D10-8327-0331AE50EACE}
	EndGlobalSection
EndGlobal
